
Microsoft Visual Studio Solution File, Format Version 12.00
# Visual Studio Version 17
VisualStudioVersion = 17.9.34622.214
MinimumVisualStudioVersion = 10.0.40219.1
Project("{FAE04EC0-301F-11D3-BF4B-00C04F79EFBC}") = "ExemploDapperOracle", "ExemploDapperOracle\ExemploDapperOracle.csproj", "{63B10AA3-51EE-4A87-A7F1-8DFB4B20EE28}"
EndProject
Project("{FAE04EC0-301F-11D3-BF4B-00C04F79EFBC}") = "ExemploDapperOracle.Application", "ExemploDapperOracle.Application\ExemploDapperOracle.Application.csproj", "{59F11647-30C3-4DFA-989E-ADD083FF7BD7}"
EndProject
Project("{FAE04EC0-301F-11D3-BF4B-00C04F79EFBC}") = "ExemploDapperOracle.Domain", "ExemploDapperOracle.Domain\ExemploDapperOracle.Domain.csproj", "{FE11A1E1-0A2D-4273-BE8A-8C5CD7583B3D}"
EndProject
Project("{FAE04EC0-301F-11D3-BF4B-00C04F79EFBC}") = "ExemploDapperOracle.Infra", "ExemploDapperOracle.Infra\ExemploDapperOracle.Infra.csproj", "{6AF5493C-0916-4CA1-B68E-9A18E39BB82F}"
EndProject
Global
	GlobalSection(SolutionConfigurationPlatforms) = preSolution
		Debug|Any CPU = Debug|Any CPU
		Release|Any CPU = Release|Any CPU
	EndGlobalSection
	GlobalSection(ProjectConfigurationPlatforms) = postSolution
		{63B10AA3-51EE-4A87-A7F1-8DFB4B20EE28}.Debug|Any CPU.ActiveCfg = Debug|Any CPU
		{63B10AA3-51EE-4A87-A7F1-8DFB4B20EE28}.Debug|Any CPU.Build.0 = Debug|Any CPU
		{63B10AA3-51EE-4A87-A7F1-8DFB4B20EE28}.Release|Any CPU.ActiveCfg = Release|Any CPU
		{63B10AA3-51EE-4A87-A7F1-8DFB4B20EE28}.Release|Any CPU.Build.0 = Release|Any CPU
		{59F11647-30C3-4DFA-989E-ADD083FF7BD7}.Debug|Any CPU.ActiveCfg = Debug|Any CPU
		{59F11647-30C3-4DFA-989E-ADD083FF7BD7}.Debug|Any CPU.Build.0 = Debug|Any CPU
		{59F11647-30C3-4DFA-989E-ADD083FF7BD7}.Release|Any CPU.ActiveCfg = Release|Any CPU
		{59F11647-30C3-4DFA-989E-ADD083FF7BD7}.Release|Any CPU.Build.0 = Release|Any CPU
		{FE11A1E1-0A2D-4273-BE8A-8C5CD7583B3D}.Debug|Any CPU.ActiveCfg = Debug|Any CPU
		{FE11A1E1-0A2D-4273-BE8A-8C5CD7583B3D}.Debug|Any CPU.Build.0 = Debug|Any CPU
		{FE11A1E1-0A2D-4273-BE8A-8C5CD7583B3D}.Release|Any CPU.ActiveCfg = Release|Any CPU
		{FE11A1E1-0A2D-4273-BE8A-8C5CD7583B3D}.Release|Any CPU.Build.0 = Release|Any CPU
		{6AF5493C-0916-4CA1-B68E-9A18E39BB82F}.Debug|Any CPU.ActiveCfg = Debug|Any CPU
		{6AF5493C-0916-4CA1-B68E-9A18E39BB82F}.Debug|Any CPU.Build.0 = Debug|Any CPU
		{6AF5493C-0916-4CA1-B68E-9A18E39BB82F}.Release|Any CPU.ActiveCfg = Release|Any CPU
		{6AF5493C-0916-4CA1-B68E-9A18E39BB82F}.Release|Any CPU.Build.0 = Release|Any CPU
	EndGlobalSection
	GlobalSection(SolutionProperties) = preSolution
		HideSolutionNode = FALSE
	EndGlobalSection
	GlobalSection(ExtensibilityGlobals) = postSolution
		SolutionGuid = {18B3B460-5254-4179-A35C-C25F62C6A75E}
	EndGlobalSection
EndGlobal
